
Microsoft Visual Studio Solution File, Format Version 12.00
# Visual Studio Version 17
VisualStudioVersion = 17.8.34330.188
MinimumVisualStudioVersion = 10.0.40219.1
Project("{FAE04EC0-301F-11D3-BF4B-00C04F79EFBC}") = "Demo", "Demo\Demo.csproj", "{B34AD2F7-FE23-40F5-93CB-6C8669773D87}"
EndProject
Global
	GlobalSection(SolutionConfigurationPlatforms) = preSolution
		Debug|Any CPU = Debug|Any CPU
		Release|Any CPU = Release|Any CPU
	EndGlobalSection
	GlobalSection(ProjectConfigurationPlatforms) = postSolution
		{B34AD2F7-FE23-40F5-93CB-6C8669773D87}.Debug|Any CPU.ActiveCfg = Debug|Any CPU
		{B34AD2F7-FE23-40F5-93CB-6C8669773D87}.Debug|Any CPU.Build.0 = Debug|Any CPU
		{B34AD2F7-FE23-40F5-93CB-6C8669773D87}.Release|Any CPU.ActiveCfg = Release|Any CPU
		{B34AD2F7-FE23-40F5-93CB-6C8669773D87}.Release|Any CPU.Build.0 = Release|Any CPU
	EndGlobalSection
	GlobalSection(SolutionProperties) = preSolution
		HideSolutionNode = FALSE
	EndGlobalSection
	GlobalSection(ExtensibilityGlobals) = postSolution
		SolutionGuid = {A4773124-A5B4-4108-9312-5E142D09F78B}
	EndGlobalSection
EndGlobal
